
Microsoft Visual Studio Solution File, Format Version 12.00
# Visual Studio Version 17
VisualStudioVersion = 17.10.35122.118
MinimumVisualStudioVersion = 10.0.40219.1
Project("{FAE04EC0-301F-11D3-BF4B-00C04F79EFBC}") = "SaldoAssignment-Challenge", "SaldoAssignment-Challenge\SaldoAssignment-Challenge.csproj", "{7FDF696F-08C0-437A-8137-7679D64596F8}"
EndProject
Project("{2150E333-8FDC-42A3-9474-1A3956D46DE8}") = "Elementos de la solución", "Elementos de la solución", "{8A9C2CE4-8CF0-4453-942A-8B5489AE610B}"
	ProjectSection(SolutionItems) = preProject
		readme.md = readme.md
		.gitignore = .gitignore
	EndProjectSection
EndProject
Global
	GlobalSection(SolutionConfigurationPlatforms) = preSolution
		Debug|Any CPU = Debug|Any CPU
		Release|Any CPU = Release|Any CPU
	EndGlobalSection
	GlobalSection(ProjectConfigurationPlatforms) = postSolution
		{7FDF696F-08C0-437A-8137-7679D64596F8}.Debug|Any CPU.ActiveCfg = Debug|Any CPU
		{7FDF696F-08C0-437A-8137-7679D64596F8}.Debug|Any CPU.Build.0 = Debug|Any CPU
		{7FDF696F-08C0-437A-8137-7679D64596F8}.Release|Any CPU.ActiveCfg = Release|Any CPU
		{7FDF696F-08C0-437A-8137-7679D64596F8}.Release|Any CPU.Build.0 = Release|Any CPU
	EndGlobalSection
	GlobalSection(SolutionProperties) = preSolution
		HideSolutionNode = FALSE
	EndGlobalSection
	GlobalSection(ExtensibilityGlobals) = postSolution
		SolutionGuid = {D5404FD5-8073-447C-A0D9-866AB345294C}
	EndGlobalSection
EndGlobal
